# THIS IS AN AUTOGENERATED FILE. DO NOT EDIT THIS FILE DIRECTLY.
# yarn lockfile v1


axios@^0.26.0:
  version "0.26.1"
  resolved "https://registry.yarnpkg.com/axios/-/axios-0.26.1.tgz#1ede41c51fcf51bbbd6fd43669caaa4f0495aaa9"
  integrity sha512-fPwcX4EvnSHuInCMItEhAGnaSEXRBjtzh9fOtsE6E1G6p7vl7edEeZe11QHf18+6+9gR5PbKV/sGKNaD8YaMeA==
  dependencies:
    follow-redirects "^1.14.8"

crypto-dns@1.1.2:
  version "1.1.2"
  resolved "https://registry.yarnpkg.com/crypto-dns/-/crypto-dns-1.1.2.tgz#0bee947f584258e64d498e7ef0e60e75712699ce"
  integrity sha512-kGhkRUUAX1ThL4dVsUS14XFV4V06u8pNIeVhlDcM7wNIlBjp1fbSRTiZ+hgC21XsBH9VfalAEUeYSCMqiuYZwg==
  dependencies:
    axios "^0.26.0"

follow-redirects@^1.14.8:
  version "1.15.1"
  resolved "https://registry.yarnpkg.com/follow-redirects/-/follow-redirects-1.15.1.tgz#0ca6a452306c9b276e4d3127483e29575e207ad5"
  integrity sha512-yLAMQs+k0b2m7cVxpS1VKJVvoz7SS9Td1zss3XRwXj+ZDH00RJgnuLx7E44wx02kQLrdM3aOOy+FpzS7+8OizA==
